
Microsoft Visual Studio Solution File, Format Version 12.00
# Visual Studio Version 17
VisualStudioVersion = 17.0.32014.148
MinimumVisualStudioVersion = 10.0.40219.1
Project("{FAE04EC0-301F-11D3-BF4B-00C04F79EFBC}") = "financiamentoCarro", "financiamentoCarro\financiamentoCarro.csproj", "{AE257139-4E55-4374-8F46-9BFDD7EA10E6}"
EndProject
Global
	GlobalSection(SolutionConfigurationPlatforms) = preSolution
		Debug|Any CPU = Debug|Any CPU
		Release|Any CPU = Release|Any CPU
	EndGlobalSection
	GlobalSection(ProjectConfigurationPlatforms) = postSolution
		{AE257139-4E55-4374-8F46-9BFDD7EA10E6}.Debug|Any CPU.ActiveCfg = Debug|Any CPU
		{AE257139-4E55-4374-8F46-9BFDD7EA10E6}.Debug|Any CPU.Build.0 = Debug|Any CPU
		{AE257139-4E55-4374-8F46-9BFDD7EA10E6}.Release|Any CPU.ActiveCfg = Release|Any CPU
		{AE257139-4E55-4374-8F46-9BFDD7EA10E6}.Release|Any CPU.Build.0 = Release|Any CPU
	EndGlobalSection
	GlobalSection(SolutionProperties) = preSolution
		HideSolutionNode = FALSE
	EndGlobalSection
	GlobalSection(ExtensibilityGlobals) = postSolution
		SolutionGuid = {F46BDD4B-9FC6-4838-9034-71EB9AEA4961}
	EndGlobalSection
EndGlobal
