// !$*UTF8*$!
{
	archiveVersion = 1;
	classes = {
	};
	objectVersion = 56;
	objects = {

/* Begin PBXBuildFile section */
		DC01A0582A9F7E8E0028BC6A /* SegundaViewController.swift in Sources */ = {isa = PBXBuildFile; fileRef = DC01A0562A9F7E8E0028BC6A /* SegundaViewController.swift */; };
		DC01A0592A9F7E8E0028BC6A /* SegundaViewController.xib in Resources */ = {isa = PBXBuildFile; fileRef = DC01A0572A9F7E8E0028BC6A /* SegundaViewController.xib */; };
		DCE9A4E92A9F69F7005554FB /* AppDelegate.swift in Sources */ = {isa = PBXBuildFile; fileRef = DCE9A4E82A9F69F7005554FB /* AppDelegate.swift */; };
		DCE9A4EB2A9F69F7005554FB /* SceneDelegate.swift in Sources */ = {isa = PBXBuildFile; fileRef = DCE9A4EA2A9F69F7005554FB /* SceneDelegate.swift */; };
		DCE9A4ED2A9F69F7005554FB /* ViewController.swift in Sources */ = {isa = PBXBuildFile; fileRef = DCE9A4EC2A9F69F7005554FB /* ViewController.swift */; };
		DCE9A4F02A9F69F7005554FB /* Main.storyboard in Resources */ = {isa = PBXBuildFile; fileRef = DCE9A4EE2A9F69F7005554FB /* Main.storyboard */; };
		DCE9A4F22A9F69F9005554FB /* Assets.xcassets in Resources */ = {isa = PBXBuildFile; fileRef = DCE9A4F12A9F69F9005554FB /* Assets.xcassets */; };
		DCE9A4F52A9F69F9005554FB /* LaunchScreen.storyboard in Resources */ = {isa = PBXBuildFile; fileRef = DCE9A4F32A9F69F9005554FB /* LaunchScreen.storyboard */; };
		DCE9A4FE2A9F6A50005554FB /* MinhaStruct.swift in Sources */ = {isa = PBXBuildFile; fileRef = DCE9A4FD2A9F6A50005554FB /* MinhaStruct.swift */; };
/* End PBXBuildFile section */

/* Begin PBXFileReference section */
		DC01A0562A9F7E8E0028BC6A /* SegundaViewController.swift */ = {isa = PBXFileReference; lastKnownFileType = sourcecode.swift; path = SegundaViewController.swift; sourceTree = "<group>"; };
		DC01A0572A9F7E8E0028BC6A /* SegundaViewController.xib */ = {isa = PBXFileReference; lastKnownFileType = file.xib; path = SegundaViewController.xib; sourceTree = "<group>"; };
		DCE9A4E52A9F69F7005554FB /* 3D_ARTHUR_08.app */ = {isa = PBXFileReference; explicitFileType = wrapper.application; includeInIndex = 0; path = 3D_ARTHUR_08.app; sourceTree = BUILT_PRODUCTS_DIR; };
		DCE9A4E82A9F69F7005554FB /* AppDelegate.swift */ = {isa = PBXFileReference; lastKnownFileType = sourcecode.swift; path = AppDelegate.swift; sourceTree = "<group>"; };
		DCE9A4EA2A9F69F7005554FB /* SceneDelegate.swift */ = {isa = PBXFileReference; lastKnownFileType = sourcecode.swift; path = SceneDelegate.swift; sourceTree = "<group>"; };
		DCE9A4EC2A9F69F7005554FB /* ViewController.swift */ = {isa = PBXFileReference; lastKnownFileType = sourcecode.swift; path = ViewController.swift; sourceTree = "<group>"; };
		DCE9A4EF2A9F69F7005554FB /* Base */ = {isa = PBXFileReference; lastKnownFileType = file.storyboard; name = Base; path = Base.lproj/Main.storyboard; sourceTree = "<group>"; };
		DCE9A4F12A9F69F9005554FB /* Assets.xcassets */ = {isa = PBXFileReference; lastKnownFileType = folder.assetcatalog; path = Assets.xcassets; sourceTree = "<group>"; };
		DCE9A4F42A9F69F9005554FB /* Base */ = {isa = PBXFileReference; lastKnownFileType = file.storyboard; name = Base; path = Base.lproj/LaunchScreen.storyboard; sourceTree = "<group>"; };
		DCE9A4F62A9F69F9005554FB /* Info.plist */ = {isa = PBXFileReference; lastKnownFileType = text.plist.xml; path = Info.plist; sourceTree = "<group>"; };
		DCE9A4FD2A9F6A50005554FB /* MinhaStruct.swift */ = {isa = PBXFileReference; lastKnownFileType = sourcecode.swift; path = MinhaStruct.swift; sourceTree = "<group>"; };
/* End PBXFileReference section */

/* Begin PBXFrameworksBuildPhase section */
		DCE9A4E22A9F69F7005554FB /* Frameworks */ = {
			isa = PBXFrameworksBuildPhase;
			buildActionMask = 2147483647;
			files = (
			);
			runOnlyForDeploymentPostprocessing = 0;
		};
/* End PBXFrameworksBuildPhase section */

/* Begin PBXGroup section */
		DC01A0542A9F6F230028BC6A /* Data */ = {
			isa = PBXGroup;
			children = (
				DCE9A4FD2A9F6A50005554FB /* MinhaStruct.swift */,
			);
			path = Data;
			sourceTree = "<group>";
		};
		DC01A0552A9F7DA80028BC6A /* Views */ = {
			isa = PBXGroup;
			children = (
				DC01A0562A9F7E8E0028BC6A /* SegundaViewController.swift */,
				DC01A0572A9F7E8E0028BC6A /* SegundaViewController.xib */,
			);
			path = Views;
			sourceTree = "<group>";
		};
		DCE9A4DC2A9F69F7005554FB = {
			isa = PBXGroup;
			children = (
				DCE9A4E72A9F69F7005554FB /* 3D_ARTHUR_08 */,
				DCE9A4E62A9F69F7005554FB /* Products */,
			);
			sourceTree = "<group>";
		};
		DCE9A4E62A9F69F7005554FB /* Products */ = {
			isa = PBXGroup;
			children = (
				DCE9A4E52A9F69F7005554FB /* 3D_ARTHUR_08.app */,
			);
			name = Products;
			sourceTree = "<group>";
		};
		DCE9A4E72A9F69F7005554FB /* 3D_ARTHUR_08 */ = {
			isa = PBXGroup;
			children = (
				DC01A0552A9F7DA80028BC6A /* Views */,
				DC01A0542A9F6F230028BC6A /* Data */,
				DCE9A4E82A9F69F7005554FB /* AppDelegate.swift */,
				DCE9A4EA2A9F69F7005554FB /* SceneDelegate.swift */,
				DCE9A4EC2A9F69F7005554FB /* ViewController.swift */,
				DCE9A4EE2A9F69F7005554FB /* Main.storyboard */,
				DCE9A4F12A9F69F9005554FB /* Assets.xcassets */,
				DCE9A4F32A9F69F9005554FB /* LaunchScreen.storyboard */,
				DCE9A4F62A9F69F9005554FB /* Info.plist */,
			);
			path = 3D_ARTHUR_08;
			sourceTree = "<group>";
		};
/* End PBXGroup section */

/* Begin PBXNativeTarget section */
		DCE9A4E42A9F69F7005554FB /* 3D_ARTHUR_08 */ = {
			isa = PBXNativeTarget;
			buildConfigurationList = DCE9A4F92A9F69F9005554FB /* Build configuration list for PBXNativeTarget "3D_ARTHUR_08" */;
			buildPhases = (
				DCE9A4E12A9F69F7005554FB /* Sources */,
				DCE9A4E22A9F69F7005554FB /* Frameworks */,
				DCE9A4E32A9F69F7005554FB /* Resources */,
			);
			buildRules = (
			);
			dependencies = (
			);
			name = 3D_ARTHUR_08;
			productName = 3D_ARTHUR_08;
			productReference = DCE9A4E52A9F69F7005554FB /* 3D_ARTHUR_08.app */;
			productType = "com.apple.product-type.application";
		};
/* End PBXNativeTarget section */

/* Begin PBXProject section */
		DCE9A4DD2A9F69F7005554FB /* Project object */ = {
			isa = PBXProject;
			attributes = {
				BuildIndependentTargetsInParallel = 1;
				LastSwiftUpdateCheck = 1420;
				LastUpgradeCheck = 1420;
				TargetAttributes = {
					DCE9A4E42A9F69F7005554FB = {
						CreatedOnToolsVersion = 14.2;
					};
				};
			};
			buildConfigurationList = DCE9A4E02A9F69F7005554FB /* Build configuration list for PBXProject "3D_ARTHUR_08" */;
			compatibilityVersion = "Xcode 14.0";
			developmentRegion = en;
			hasScannedForEncodings = 0;
			knownRegions = (
				en,
				Base,
			);
			mainGroup = DCE9A4DC2A9F69F7005554FB;
			productRefGroup = DCE9A4E62A9F69F7005554FB /* Products */;
			projectDirPath = "";
			projectRoot = "";
			targets = (
				DCE9A4E42A9F69F7005554FB /* 3D_ARTHUR_08 */,
			);
		};
/* End PBXProject section */

/* Begin PBXResourcesBuildPhase section */
		DCE9A4E32A9F69F7005554FB /* Resources */ = {
			isa = PBXResourcesBuildPhase;
			buildActionMask = 2147483647;
			files = (
				DC01A0592A9F7E8E0028BC6A /* SegundaViewController.xib in Resources */,
				DCE9A4F52A9F69F9005554FB /* LaunchScreen.storyboard in Resources */,
				DCE9A4F22A9F69F9005554FB /* Assets.xcassets in Resources */,
				DCE9A4F02A9F69F7005554FB /* Main.storyboard in Resources */,
			);
			runOnlyForDeploymentPostprocessing = 0;
		};
/* End PBXResourcesBuildPhase section */

/* Begin PBXSourcesBuildPhase section */
		DCE9A4E12A9F69F7005554FB /* Sources */ = {
			isa = PBXSourcesBuildPhase;
			buildActionMask = 2147483647;
			files = (
				DCE9A4ED2A9F69F7005554FB /* ViewController.swift in Sources */,
				DCE9A4E92A9F69F7005554FB /* AppDelegate.swift in Sources */,
				DC01A0582A9F7E8E0028BC6A /* SegundaViewController.swift in Sources */,
				DCE9A4FE2A9F6A50005554FB /* MinhaStruct.swift in Sources */,
				DCE9A4EB2A9F69F7005554FB /* SceneDelegate.swift in Sources */,
			);
			runOnlyForDeploymentPostprocessing = 0;
		};
/* End PBXSourcesBuildPhase section */

/* Begin PBXVariantGroup section */
		DCE9A4EE2A9F69F7005554FB /* Main.storyboard */ = {
			isa = PBXVariantGroup;
			children = (
				DCE9A4EF2A9F69F7005554FB /* Base */,
			);
			name = Main.storyboard;
			sourceTree = "<group>";
		};
		DCE9A4F32A9F69F9005554FB /* LaunchScreen.storyboard */ = {
			isa = PBXVariantGroup;
			children = (
				DCE9A4F42A9F69F9005554FB /* Base */,
			);
			name = LaunchScreen.storyboard;
			sourceTree = "<group>";
		};
/* End PBXVariantGroup section */

/* Begin XCBuildConfiguration section */
		DCE9A4F72A9F69F9005554FB /* Debug */ = {
			isa = XCBuildConfiguration;
			buildSettings = {
				ALWAYS_SEARCH_USER_PATHS = NO;
				CLANG_ANALYZER_NONNULL = YES;
				CLANG_ANALYZER_NUMBER_OBJECT_CONVERSION = YES_AGGRESSIVE;
				CLANG_CXX_LANGUAGE_STANDARD = "gnu++20";
				CLANG_ENABLE_MODULES = YES;
				CLANG_ENABLE_OBJC_ARC = YES;
				CLANG_ENABLE_OBJC_WEAK = YES;
				CLANG_WARN_BLOCK_CAPTURE_AUTORELEASING = YES;
				CLANG_WARN_BOOL_CONVERSION = YES;
				CLANG_WARN_COMMA = YES;
				CLANG_WARN_CONSTANT_CONVERSION = YES;
				CLANG_WARN_DEPRECATED_OBJC_IMPLEMENTATIONS = YES;
				CLANG_WARN_DIRECT_OBJC_ISA_USAGE = YES_ERROR;
				CLANG_WARN_DOCUMENTATION_COMMENTS = YES;
				CLANG_WARN_EMPTY_BODY = YES;
				CLANG_WARN_ENUM_CONVERSION = YES;
				CLANG_WARN_INFINITE_RECURSION = YES;
				CLANG_WARN_INT_CONVERSION = YES;
				CLANG_WARN_NON_LITERAL_NULL_CONVERSION = YES;
				CLANG_WARN_OBJC_IMPLICIT_RETAIN_SELF = YES;
				CLANG_WARN_OBJC_LITERAL_CONVERSION = YES;
				CLANG_WARN_OBJC_ROOT_CLASS = YES_ERROR;
				CLANG_WARN_QUOTED_INCLUDE_IN_FRAMEWORK_HEADER = YES;
				CLANG_WARN_RANGE_LOOP_ANALYSIS = YES;
				CLANG_WARN_STRICT_PROTOTYPES = YES;
				CLANG_WARN_SUSPICIOUS_MOVE = YES;
				CLANG_WARN_UNGUARDED_AVAILABILITY = YES_AGGRESSIVE;
				CLANG_WARN_UNREACHABLE_CODE = YES;
				CLANG_WARN__DUPLICATE_METHOD_MATCH = YES;
				COPY_PHASE_STRIP = NO;
				DEBUG_INFORMATION_FORMAT = dwarf;
				ENABLE_STRICT_OBJC_MSGSEND = YES;
				ENABLE_TESTABILITY = YES;
				GCC_C_LANGUAGE_STANDARD = gnu11;
				GCC_DYNAMIC_NO_PIC = NO;
				GCC_NO_COMMON_BLOCKS = YES;
				GCC_OPTIMIZATION_LEVEL = 0;
				GCC_PREPROCESSOR_DEFINITIONS = (
					"DEBUG=1",
					"$(inherited)",
				);
				GCC_WARN_64_TO_32_BIT_CONVERSION = YES;
				GCC_WARN_ABOUT_RETURN_TYPE = YES_ERROR;
				GCC_WARN_UNDECLARED_SELECTOR = YES;
				GCC_WARN_UNINITIALIZED_AUTOS = YES_AGGRESSIVE;
				GCC_WARN_UNUSED_FUNCTION = YES;
				GCC_WARN_UNUSED_VARIABLE = YES;
				IPHONEOS_DEPLOYMENT_TARGET = 16.2;
				MTL_ENABLE_DEBUG_INFO = INCLUDE_SOURCE;
				MTL_FAST_MATH = YES;
				ONLY_ACTIVE_ARCH = YES;
				SDKROOT = iphoneos;
				SWIFT_ACTIVE_COMPILATION_CONDITIONS = DEBUG;
				SWIFT_OPTIMIZATION_LEVEL = "-Onone";
			};
			name = Debug;
		};
		DCE9A4F82A9F69F9005554FB /* Release */ = {
			isa = XCBuildConfiguration;
			buildSettings = {
				ALWAYS_SEARCH_USER_PATHS = NO;
				CLANG_ANALYZER_NONNULL = YES;
				CLANG_ANALYZER_NUMBER_OBJECT_CONVERSION = YES_AGGRESSIVE;
				CLANG_CXX_LANGUAGE_STANDARD = "gnu++20";
				CLANG_ENABLE_MODULES = YES;
				CLANG_ENABLE_OBJC_ARC = YES;
				CLANG_ENABLE_OBJC_WEAK = YES;
				CLANG_WARN_BLOCK_CAPTURE_AUTORELEASING = YES;
				CLANG_WARN_BOOL_CONVERSION = YES;
				CLANG_WARN_COMMA = YES;
				CLANG_WARN_CONSTANT_CONVERSION = YES;
				CLANG_WARN_DEPRECATED_OBJC_IMPLEMENTATIONS = YES;
				CLANG_WARN_DIRECT_OBJC_ISA_USAGE = YES_ERROR;
				CLANG_WARN_DOCUMENTATION_COMMENTS = YES;
				CLANG_WARN_EMPTY_BODY = YES;
				CLANG_WARN_ENUM_CONVERSION = YES;
				CLANG_WARN_INFINITE_RECURSION = YES;
				CLANG_WARN_INT_CONVERSION = YES;
				CLANG_WARN_NON_LITERAL_NULL_CONVERSION = YES;
				CLANG_WARN_OBJC_IMPLICIT_RETAIN_SELF = YES;
				CLANG_WARN_OBJC_LITERAL_CONVERSION = YES;
				CLANG_WARN_OBJC_ROOT_CLASS = YES_ERROR;
				CLANG_WARN_QUOTED_INCLUDE_IN_FRAMEWORK_HEADER = YES;
				CLANG_WARN_RANGE_LOOP_ANALYSIS = YES;
				CLANG_WARN_STRICT_PROTOTYPES = YES;
				CLANG_WARN_SUSPICIOUS_MOVE = YES;
				CLANG_WARN_UNGUARDED_AVAILABILITY = YES_AGGRESSIVE;
				CLANG_WARN_UNREACHABLE_CODE = YES;
				CLANG_WARN__DUPLICATE_METHOD_MATCH = YES;
				COPY_PHASE_STRIP = NO;
				DEBUG_INFORMATION_FORMAT = "dwarf-with-dsym";
				ENABLE_NS_ASSERTIONS = NO;
				ENABLE_STRICT_OBJC_MSGSEND = YES;
				GCC_C_LANGUAGE_STANDARD = gnu11;
				GCC_NO_COMMON_BLOCKS = YES;
				GCC_WARN_64_TO_32_BIT_CONVERSION = YES;
				GCC_WARN_ABOUT_RETURN_TYPE = YES_ERROR;
				GCC_WARN_UNDECLARED_SELECTOR = YES;
				GCC_WARN_UNINITIALIZED_AUTOS = YES_AGGRESSIVE;
				GCC_WARN_UNUSED_FUNCTION = YES;
				GCC_WARN_UNUSED_VARIABLE = YES;
				IPHONEOS_DEPLOYMENT_TARGET = 16.2;
				MTL_ENABLE_DEBUG_INFO = NO;
				MTL_FAST_MATH = YES;
				SDKROOT = iphoneos;
				SWIFT_COMPILATION_MODE = wholemodule;
				SWIFT_OPTIMIZATION_LEVEL = "-O";
				VALIDATE_PRODUCT = YES;
			};
			name = Release;
		};
		DCE9A4FA2A9F69F9005554FB /* Debug */ = {
			isa = XCBuildConfiguration;
			buildSettings = {
				ASSETCATALOG_COMPILER_APPICON_NAME = AppIcon;
				ASSETCATALOG_COMPILER_GLOBAL_ACCENT_COLOR_NAME = AccentColor;
				CODE_SIGN_STYLE = Automatic;
				CURRENT_PROJECT_VERSION = 1;
				GENERATE_INFOPLIST_FILE = YES;
				INFOPLIST_FILE = 3D_ARTHUR_08/Info.plist;
				INFOPLIST_KEY_UIApplicationSupportsIndirectInputEvents = YES;
				INFOPLIST_KEY_UILaunchStoryboardName = LaunchScreen;
				INFOPLIST_KEY_UIMainStoryboardFile = Main;
				INFOPLIST_KEY_UISupportedInterfaceOrientations_iPad = "UIInterfaceOrientationPortrait UIInterfaceOrientationPortraitUpsideDown UIInterfaceOrientationLandscapeLeft UIInterfaceOrientationLandscapeRight";
				INFOPLIST_KEY_UISupportedInterfaceOrientations_iPhone = "UIInterfaceOrientationPortrait UIInterfaceOrientationLandscapeLeft UIInterfaceOrientationLandscapeRight";
				LD_RUNPATH_SEARCH_PATHS = (
					"$(inherited)",
					"@executable_path/Frameworks",
				);
				MARKETING_VERSION = 1.0;
				PRODUCT_BUNDLE_IDENTIFIER = "cotemig.-D-ARTHUR-08";
				PRODUCT_NAME = "$(TARGET_NAME)";
				SWIFT_EMIT_LOC_STRINGS = YES;
				SWIFT_VERSION = 5.0;
				TARGETED_DEVICE_FAMILY = "1,2";
			};
			name = Debug;
		};
		DCE9A4FB2A9F69F9005554FB /* Release */ = {
			isa = XCBuildConfiguration;
			buildSettings = {
				ASSETCATALOG_COMPILER_APPICON_NAME = AppIcon;
				ASSETCATALOG_COMPILER_GLOBAL_ACCENT_COLOR_NAME = AccentColor;
				CODE_SIGN_STYLE = Automatic;
				CURRENT_PROJECT_VERSION = 1;
				GENERATE_INFOPLIST_FILE = YES;
				INFOPLIST_FILE = 3D_ARTHUR_08/Info.plist;
				INFOPLIST_KEY_UIApplicationSupportsIndirectInputEvents = YES;
				INFOPLIST_KEY_UILaunchStoryboardName = LaunchScreen;
				INFOPLIST_KEY_UIMainStoryboardFile = Main;
				INFOPLIST_KEY_UISupportedInterfaceOrientations_iPad = "UIInterfaceOrientationPortrait UIInterfaceOrientationPortraitUpsideDown UIInterfaceOrientationLandscapeLeft UIInterfaceOrientationLandscapeRight";
				INFOPLIST_KEY_UISupportedInterfaceOrientations_iPhone = "UIInterfaceOrientationPortrait UIInterfaceOrientationLandscapeLeft UIInterfaceOrientationLandscapeRight";
				LD_RUNPATH_SEARCH_PATHS = (
					"$(inherited)",
					"@executable_path/Frameworks",
				);
				MARKETING_VERSION = 1.0;
				PRODUCT_BUNDLE_IDENTIFIER = "cotemig.-D-ARTHUR-08";
				PRODUCT_NAME = "$(TARGET_NAME)";
				SWIFT_EMIT_LOC_STRINGS = YES;
				SWIFT_VERSION = 5.0;
				TARGETED_DEVICE_FAMILY = "1,2";
			};
			name = Release;
		};
/* End XCBuildConfiguration section */

/* Begin XCConfigurationList section */
		DCE9A4E02A9F69F7005554FB /* Build configuration list for PBXProject "3D_ARTHUR_08" */ = {
			isa = XCConfigurationList;
			buildConfigurations = (
				DCE9A4F72A9F69F9005554FB /* Debug */,
				DCE9A4F82A9F69F9005554FB /* Release */,
			);
			defaultConfigurationIsVisible = 0;
			defaultConfigurationName = Release;
		};
		DCE9A4F92A9F69F9005554FB /* Build configuration list for PBXNativeTarget "3D_ARTHUR_08" */ = {
			isa = XCConfigurationList;
			buildConfigurations = (
				DCE9A4FA2A9F69F9005554FB /* Debug */,
				DCE9A4FB2A9F69F9005554FB /* Release */,
			);
			defaultConfigurationIsVisible = 0;
			defaultConfigurationName = Release;
		};
/* End XCConfigurationList section */
	};
	rootObject = DCE9A4DD2A9F69F7005554FB /* Project object */;
}
