
Microsoft Visual Studio Solution File, Format Version 12.00
# Visual Studio Version 17
VisualStudioVersion = 17.0.32014.148
MinimumVisualStudioVersion = 10.0.40219.1
Project("{FAE04EC0-301F-11D3-BF4B-00C04F79EFBC}") = "media_numeros", "media_numeros\media_numeros.csproj", "{36CC3A7E-854F-42EB-B69A-C13A639EBE13}"
EndProject
Global
	GlobalSection(SolutionConfigurationPlatforms) = preSolution
		Debug|Any CPU = Debug|Any CPU
		Release|Any CPU = Release|Any CPU
	EndGlobalSection
	GlobalSection(ProjectConfigurationPlatforms) = postSolution
		{36CC3A7E-854F-42EB-B69A-C13A639EBE13}.Debug|Any CPU.ActiveCfg = Debug|Any CPU
		{36CC3A7E-854F-42EB-B69A-C13A639EBE13}.Debug|Any CPU.Build.0 = Debug|Any CPU
		{36CC3A7E-854F-42EB-B69A-C13A639EBE13}.Release|Any CPU.ActiveCfg = Release|Any CPU
		{36CC3A7E-854F-42EB-B69A-C13A639EBE13}.Release|Any CPU.Build.0 = Release|Any CPU
	EndGlobalSection
	GlobalSection(SolutionProperties) = preSolution
		HideSolutionNode = FALSE
	EndGlobalSection
	GlobalSection(ExtensibilityGlobals) = postSolution
		SolutionGuid = {633E941D-E1C2-450F-9345-FBD56E25B9FF}
	EndGlobalSection
EndGlobal
