
Microsoft Visual Studio Solution File, Format Version 12.00
# Visual Studio Version 17
VisualStudioVersion = 17.3.32811.315
MinimumVisualStudioVersion = 10.0.40219.1
Project("{FAE04EC0-301F-11D3-BF4B-00C04F79EFBC}") = "pesquisa100Pessoas", "pesquisa100Pessoas\pesquisa100Pessoas.csproj", "{EFCE0C7D-F06F-4A73-AFD7-835446E34630}"
EndProject
Global
	GlobalSection(SolutionConfigurationPlatforms) = preSolution
		Debug|Any CPU = Debug|Any CPU
		Release|Any CPU = Release|Any CPU
	EndGlobalSection
	GlobalSection(ProjectConfigurationPlatforms) = postSolution
		{EFCE0C7D-F06F-4A73-AFD7-835446E34630}.Debug|Any CPU.ActiveCfg = Debug|Any CPU
		{EFCE0C7D-F06F-4A73-AFD7-835446E34630}.Debug|Any CPU.Build.0 = Debug|Any CPU
		{EFCE0C7D-F06F-4A73-AFD7-835446E34630}.Release|Any CPU.ActiveCfg = Release|Any CPU
		{EFCE0C7D-F06F-4A73-AFD7-835446E34630}.Release|Any CPU.Build.0 = Release|Any CPU
	EndGlobalSection
	GlobalSection(SolutionProperties) = preSolution
		HideSolutionNode = FALSE
	EndGlobalSection
	GlobalSection(ExtensibilityGlobals) = postSolution
		SolutionGuid = {EF32842C-521B-49B9-ACCD-A3292E888F73}
	EndGlobalSection
EndGlobal
