
Microsoft Visual Studio Solution File, Format Version 12.00
# Visual Studio 15
VisualStudioVersion = 15.0.28307.2017
MinimumVisualStudioVersion = 10.0.40219.1
Project("{FAE04EC0-301F-11D3-BF4B-00C04F79EFBC}") = "ASPNET_Estudos2", "ASPNET_Estudos2\ASPNET_Estudos2.csproj", "{656F00DD-95C3-4E27-BACD-A1312108A7E4}"
EndProject
Global
	GlobalSection(SolutionConfigurationPlatforms) = preSolution
		Debug|Any CPU = Debug|Any CPU
		Release|Any CPU = Release|Any CPU
	EndGlobalSection
	GlobalSection(ProjectConfigurationPlatforms) = postSolution
		{656F00DD-95C3-4E27-BACD-A1312108A7E4}.Debug|Any CPU.ActiveCfg = Debug|Any CPU
		{656F00DD-95C3-4E27-BACD-A1312108A7E4}.Debug|Any CPU.Build.0 = Debug|Any CPU
		{656F00DD-95C3-4E27-BACD-A1312108A7E4}.Release|Any CPU.ActiveCfg = Release|Any CPU
		{656F00DD-95C3-4E27-BACD-A1312108A7E4}.Release|Any CPU.Build.0 = Release|Any CPU
	EndGlobalSection
	GlobalSection(SolutionProperties) = preSolution
		HideSolutionNode = FALSE
	EndGlobalSection
	GlobalSection(ExtensibilityGlobals) = postSolution
		SolutionGuid = {0D036B36-2F5A-4279-B648-DF9FA93DE231}
	EndGlobalSection
EndGlobal
