
Microsoft Visual Studio Solution File, Format Version 12.00
# Visual Studio Version 17
VisualStudioVersion = 17.1.32210.238
MinimumVisualStudioVersion = 10.0.40219.1
Project("{FAE04EC0-301F-11D3-BF4B-00C04F79EFBC}") = "Calculo_Retangulo", "Calculo_Retangulo\Calculo_Retangulo.csproj", "{A21DD928-FEF8-4909-932E-85EB9DE290BF}"
EndProject
Global
	GlobalSection(SolutionConfigurationPlatforms) = preSolution
		Debug|Any CPU = Debug|Any CPU
		Release|Any CPU = Release|Any CPU
	EndGlobalSection
	GlobalSection(ProjectConfigurationPlatforms) = postSolution
		{A21DD928-FEF8-4909-932E-85EB9DE290BF}.Debug|Any CPU.ActiveCfg = Debug|Any CPU
		{A21DD928-FEF8-4909-932E-85EB9DE290BF}.Debug|Any CPU.Build.0 = Debug|Any CPU
		{A21DD928-FEF8-4909-932E-85EB9DE290BF}.Release|Any CPU.ActiveCfg = Release|Any CPU
		{A21DD928-FEF8-4909-932E-85EB9DE290BF}.Release|Any CPU.Build.0 = Release|Any CPU
	EndGlobalSection
	GlobalSection(SolutionProperties) = preSolution
		HideSolutionNode = FALSE
	EndGlobalSection
	GlobalSection(ExtensibilityGlobals) = postSolution
		SolutionGuid = {52838974-F37F-4379-A020-03CD5EFDF5AE}
	EndGlobalSection
EndGlobal
