
Microsoft Visual Studio Solution File, Format Version 12.00
# Visual Studio Version 17
VisualStudioVersion = 17.0.32014.148
MinimumVisualStudioVersion = 10.0.40219.1
Project("{FAE04EC0-301F-11D3-BF4B-00C04F79EFBC}") = "nota100Aluno", "nota100Aluno\nota100Aluno.csproj", "{719627F5-93A4-4F4E-9BD3-2A7C22B64AEB}"
EndProject
Global
	GlobalSection(SolutionConfigurationPlatforms) = preSolution
		Debug|Any CPU = Debug|Any CPU
		Release|Any CPU = Release|Any CPU
	EndGlobalSection
	GlobalSection(ProjectConfigurationPlatforms) = postSolution
		{719627F5-93A4-4F4E-9BD3-2A7C22B64AEB}.Debug|Any CPU.ActiveCfg = Debug|Any CPU
		{719627F5-93A4-4F4E-9BD3-2A7C22B64AEB}.Debug|Any CPU.Build.0 = Debug|Any CPU
		{719627F5-93A4-4F4E-9BD3-2A7C22B64AEB}.Release|Any CPU.ActiveCfg = Release|Any CPU
		{719627F5-93A4-4F4E-9BD3-2A7C22B64AEB}.Release|Any CPU.Build.0 = Release|Any CPU
	EndGlobalSection
	GlobalSection(SolutionProperties) = preSolution
		HideSolutionNode = FALSE
	EndGlobalSection
	GlobalSection(ExtensibilityGlobals) = postSolution
		SolutionGuid = {049876F1-84BD-474A-9337-5994DA331BB2}
	EndGlobalSection
EndGlobal
