
Microsoft Visual Studio Solution File, Format Version 12.00
# Visual Studio Version 17
VisualStudioVersion = 17.0.32014.148
MinimumVisualStudioVersion = 10.0.40219.1
Project("{FAE04EC0-301F-11D3-BF4B-00C04F79EFBC}") = "calculoAtletas", "calculoAtletas\calculoAtletas.csproj", "{39CEB328-316F-4A58-B0B5-451D75D5AAD5}"
EndProject
Global
	GlobalSection(SolutionConfigurationPlatforms) = preSolution
		Debug|Any CPU = Debug|Any CPU
		Release|Any CPU = Release|Any CPU
	EndGlobalSection
	GlobalSection(ProjectConfigurationPlatforms) = postSolution
		{39CEB328-316F-4A58-B0B5-451D75D5AAD5}.Debug|Any CPU.ActiveCfg = Debug|Any CPU
		{39CEB328-316F-4A58-B0B5-451D75D5AAD5}.Debug|Any CPU.Build.0 = Debug|Any CPU
		{39CEB328-316F-4A58-B0B5-451D75D5AAD5}.Release|Any CPU.ActiveCfg = Release|Any CPU
		{39CEB328-316F-4A58-B0B5-451D75D5AAD5}.Release|Any CPU.Build.0 = Release|Any CPU
	EndGlobalSection
	GlobalSection(SolutionProperties) = preSolution
		HideSolutionNode = FALSE
	EndGlobalSection
	GlobalSection(ExtensibilityGlobals) = postSolution
		SolutionGuid = {68721B32-36B5-494F-A018-9351220A0DCC}
	EndGlobalSection
EndGlobal
